
Microsoft Visual Studio Solution File, Format Version 12.00
# Visual Studio 15
VisualStudioVersion = 15.0.28010.2041
MinimumVisualStudioVersion = 10.0.40219.1
Project("{FAE04EC0-301F-11D3-BF4B-00C04F79EFBC}") = "amcv", "amcv\amcv.csproj", "{FB0B38F0-E24A-4882-BC40-7179058E1E3B}"
EndProject
Global
	GlobalSection(SolutionConfigurationPlatforms) = preSolution
		Debug|Any CPU = Debug|Any CPU
		Release|Any CPU = Release|Any CPU
	EndGlobalSection
	GlobalSection(ProjectConfigurationPlatforms) = postSolution
		{FB0B38F0-E24A-4882-BC40-7179058E1E3B}.Debug|Any CPU.ActiveCfg = Debug|Any CPU
		{FB0B38F0-E24A-4882-BC40-7179058E1E3B}.Debug|Any CPU.Build.0 = Debug|Any CPU
		{FB0B38F0-E24A-4882-BC40-7179058E1E3B}.Release|Any CPU.ActiveCfg = Release|Any CPU
		{FB0B38F0-E24A-4882-BC40-7179058E1E3B}.Release|Any CPU.Build.0 = Release|Any CPU
	EndGlobalSection
	GlobalSection(SolutionProperties) = preSolution
		HideSolutionNode = FALSE
	EndGlobalSection
	GlobalSection(ExtensibilityGlobals) = postSolution
		SolutionGuid = {3C0405FD-3DF9-4FB2-B8DD-DF456E85A19B}
	EndGlobalSection
EndGlobal
